Microsoft Visual Studio Solution File, Format Version 12.00
# Visual Studio Version 17
VisualStudioVersion = 17.0.31903.59
MinimumVisualStudioVersion = 10.0.40219.1
Project("{FAE04EC0-301F-11D3-BF4B-00C04F79EFBC}") = "Dash", "src\Dash\Dash.csproj", "{1B47B5C2-1F62-4D6C-9B1C-1B6E5A6E8A11}"
EndProject
Project("{FAE04EC0-301F-11D3-BF4B-00C04F79EFBC}") = "Dash.Tests", "tests\Dash.Tests\Dash.Tests.csproj", "{2C58C6D3-2073-4E7D-A22D-2C7F6B7F9B22}"
EndProject
Project("{FAE04EC0-301F-11D3-BF4B-00C04F79EFBC}") = "Dash.Sample", "samples\Dash.Sample\Sample.csproj", "{3D69D7E4-3184-4F8E-B33E-3D80C7C0AC33}"
EndProject
Global
	GlobalSection(SolutionConfigurationPlatforms) = preSolution
		Debug|Any CPU = Debug|Any CPU
		Release|Any CPU = Release|Any CPU
	EndGlobalSection
	GlobalSection(ProjectConfigurationPlatforms) = postSolution
		{1B47B5C2-1F62-4D6C-9B1C-1B6E5A6E8A11}.Debug|Any CPU.ActiveCfg = Debug|Any CPU
		{1B47B5C2-1F62-4D6C-9B1C-1B6E5A6E8A11}.Debug|Any CPU.Build.0 = Debug|Any CPU
		{1B47B5C2-1F62-4D6C-9B1C-1B6E5A6E8A11}.Release|Any CPU.ActiveCfg = Release|Any CPU
		{1B47B5C2-1F62-4D6C-9B1C-1B6E5A6E8A11}.Release|Any CPU.Build.0 = Release|Any CPU
		{2C58C6D3-2073-4E7D-A22D-2C7F6B7F9B22}.Debug|Any CPU.ActiveCfg = Debug|Any CPU
		{2C58C6D3-2073-4E7D-A22D-2C7F6B7F9B22}.Debug|Any CPU.Build.0 = Debug|Any CPU
		{2C58C6D3-2073-4E7D-A22D-2C7F6B7F9B22}.Release|Any CPU.ActiveCfg = Release|Any CPU
		{2C58C6D3-2073-4E7D-A22D-2C7F6B7F9B22}.Release|Any CPU.Build.0 = Release|Any CPU
		{3D69D7E4-3184-4F8E-B33E-3D80C7C0AC33}.Debug|Any CPU.ActiveCfg = Debug|Any CPU
		{3D69D7E4-3184-4F8E-B33E-3D80C7C0AC33}.Debug|Any CPU.Build.0 = Debug|Any CPU
		{3D69D7E4-3184-4F8E-B33E-3D80C7C0AC33}.Release|Any CPU.ActiveCfg = Release|Any CPU
		{3D69D7E4-3184-4F8E-B33E-3D80C7C0AC33}.Release|Any CPU.Build.0 = Release|Any CPU
	EndGlobalSection
	GlobalSection(SolutionProperties) = preSolution
		HideSolutionNode = FALSE
	EndGlobalSection
EndGlobal
